
Microsoft Visual Studio Solution File, Format Version 12.00
# Visual Studio Version 16
VisualStudioVersion = 16.0.31729.503
MinimumVisualStudioVersion = 10.0.40219.1
Project("{9A19103F-16F7-4668-BE54-9A1E7A4F7556}") = "NLayerProject.API", "NLayerProject.API\NLayerProject.API.csproj", "{776FAD79-370D-4E64-8FBE-9EBCEC382C16}"
EndProject
Project("{9A19103F-16F7-4668-BE54-9A1E7A4F7556}") = "NLayerProject.Core", "NLayerProject.Core\NLayerProject.Core.csproj", "{2EEB312C-F96F-4899-9F9B-C7A75A91529D}"
EndProject
Project("{9A19103F-16F7-4668-BE54-9A1E7A4F7556}") = "NLayerProject.Data", "NLayerProject.Data\NLayerProject.Data.csproj", "{B19179D2-4190-4816-8E4B-2C5F3DB98B78}"
EndProject
Project("{9A19103F-16F7-4668-BE54-9A1E7A4F7556}") = "NLayerProject.Service", "NLayerProject.Service\NLayerProject.Service.csproj", "{191FD132-A8E9-48ED-BE30-17AC21E17ED0}"
EndProject
Project("{FAE04EC0-301F-11D3-BF4B-00C04F79EFBC}") = "NLayerProject.Web", "NLayerProject.Web\NLayerProject.Web.csproj", "{ECDFB94D-F639-4D1A-B855-8BD6C423724D}"
EndProject
Global
	GlobalSection(SolutionConfigurationPlatforms) = preSolution
		Debug|Any CPU = Debug|Any CPU
		Release|Any CPU = Release|Any CPU
	EndGlobalSection
	GlobalSection(ProjectConfigurationPlatforms) = postSolution
		{776FAD79-370D-4E64-8FBE-9EBCEC382C16}.Debug|Any CPU.ActiveCfg = Debug|Any CPU
		{776FAD79-370D-4E64-8FBE-9EBCEC382C16}.Debug|Any CPU.Build.0 = Debug|Any CPU
		{776FAD79-370D-4E64-8FBE-9EBCEC382C16}.Release|Any CPU.ActiveCfg = Release|Any CPU
		{776FAD79-370D-4E64-8FBE-9EBCEC382C16}.Release|Any CPU.Build.0 = Release|Any CPU
		{2EEB312C-F96F-4899-9F9B-C7A75A91529D}.Debug|Any CPU.ActiveCfg = Debug|Any CPU
		{2EEB312C-F96F-4899-9F9B-C7A75A91529D}.Debug|Any CPU.Build.0 = Debug|Any CPU
		{2EEB312C-F96F-4899-9F9B-C7A75A91529D}.Release|Any CPU.ActiveCfg = Release|Any CPU
		{2EEB312C-F96F-4899-9F9B-C7A75A91529D}.Release|Any CPU.Build.0 = Release|Any CPU
		{B19179D2-4190-4816-8E4B-2C5F3DB98B78}.Debug|Any CPU.ActiveCfg = Debug|Any CPU
		{B19179D2-4190-4816-8E4B-2C5F3DB98B78}.Debug|Any CPU.Build.0 = Debug|Any CPU
		{B19179D2-4190-4816-8E4B-2C5F3DB98B78}.Release|Any CPU.ActiveCfg = Release|Any CPU
		{B19179D2-4190-4816-8E4B-2C5F3DB98B78}.Release|Any CPU.Build.0 = Release|Any CPU
		{191FD132-A8E9-48ED-BE30-17AC21E17ED0}.Debug|Any CPU.ActiveCfg = Debug|Any CPU
		{191FD132-A8E9-48ED-BE30-17AC21E17ED0}.Debug|Any CPU.Build.0 = Debug|Any CPU
		{191FD132-A8E9-48ED-BE30-17AC21E17ED0}.Release|Any CPU.ActiveCfg = Release|Any CPU
		{191FD132-A8E9-48ED-BE30-17AC21E17ED0}.Release|Any CPU.Build.0 = Release|Any CPU
		{ECDFB94D-F639-4D1A-B855-8BD6C423724D}.Debug|Any CPU.ActiveCfg = Debug|Any CPU
		{ECDFB94D-F639-4D1A-B855-8BD6C423724D}.Debug|Any CPU.Build.0 = Debug|Any CPU
		{ECDFB94D-F639-4D1A-B855-8BD6C423724D}.Release|Any CPU.ActiveCfg = Release|Any CPU
		{ECDFB94D-F639-4D1A-B855-8BD6C423724D}.Release|Any CPU.Build.0 = Release|Any CPU
	EndGlobalSection
	GlobalSection(SolutionProperties) = preSolution
		HideSolutionNode = FALSE
	EndGlobalSection
	GlobalSection(ExtensibilityGlobals) = postSolution
		SolutionGuid = {BAA9F63C-09CA-4DB3-82A8-C78FECCEE45A}
	EndGlobalSection
EndGlobal
